
Microsoft Visual Studio Solution File, Format Version 12.00
# Visual Studio Version 17
VisualStudioVersion = 17.7.34031.279
MinimumVisualStudioVersion = 10.0.40219.1
Project("{FAE04EC0-301F-11D3-BF4B-00C04F79EFBC}") = "Eindopdracht_DD1", "Eindopdracht_DD1\Eindopdracht_DD1.csproj", "{B2B7B369-29AA-465D-941F-D9D07D534880}"
EndProject
Global
	GlobalSection(SolutionConfigurationPlatforms) = preSolution
		Debug|Any CPU = Debug|Any CPU
		Release|Any CPU = Release|Any CPU
	EndGlobalSection
	GlobalSection(ProjectConfigurationPlatforms) = postSolution
		{B2B7B369-29AA-465D-941F-D9D07D534880}.Debug|Any CPU.ActiveCfg = Debug|Any CPU
		{B2B7B369-29AA-465D-941F-D9D07D534880}.Debug|Any CPU.Build.0 = Debug|Any CPU
		{B2B7B369-29AA-465D-941F-D9D07D534880}.Release|Any CPU.ActiveCfg = Release|Any CPU
		{B2B7B369-29AA-465D-941F-D9D07D534880}.Release|Any CPU.Build.0 = Release|Any CPU
	EndGlobalSection
	GlobalSection(SolutionProperties) = preSolution
		HideSolutionNode = FALSE
	EndGlobalSection
	GlobalSection(ExtensibilityGlobals) = postSolution
		SolutionGuid = {3B4B317E-76F9-48B1-ACE6-60A0024E9E24}
	EndGlobalSection
EndGlobal
